// !$*UTF8*$!
{
	archiveVersion = 1;
	classes = {
	};
	objectVersion = 50;
	objects = {

/* Begin PBXBuildFile section */
		6FBA8E35857239994C7866CF /* Pods_Todoey.framework in Frameworks */ = {isa = PBXBuildFile; fileRef = F62C9F60536B12015A6CF418 /* Pods_Todoey.framework */; };
		CC46DC9B232BB9E900314DAB /* AppDelegate.swift in Sources */ = {isa = PBXBuildFile; fileRef = CC46DC9A232BB9E900314DAB /* AppDelegate.swift */; };
		CC46DC9D232BB9E900314DAB /* TodoListViewController.swift in Sources */ = {isa = PBXBuildFile; fileRef = CC46DC9C232BB9E900314DAB /* TodoListViewController.swift */; };
		CC46DCA0232BB9E900314DAB /* Main.storyboard in Resources */ = {isa = PBXBuildFile; fileRef = CC46DC9E232BB9E900314DAB /* Main.storyboard */; };
		CC46DCA2232BB9F800314DAB /* Assets.xcassets in Resources */ = {isa = PBXBuildFile; fileRef = CC46DCA1232BB9F800314DAB /* Assets.xcassets */; };
		CC46DCA5232BB9F800314DAB /* LaunchScreen.storyboard in Resources */ = {isa = PBXBuildFile; fileRef = CC46DCA3232BB9F800314DAB /* LaunchScreen.storyboard */; };
		CC46DCB4232FA32500314DAB /* DataModel.xcdatamodeld in Sources */ = {isa = PBXBuildFile; fileRef = CC46DCB2232FA32400314DAB /* DataModel.xcdatamodeld */; };
		CC97F5EE2330F125003EB292 /* CategoryViewController.swift in Sources */ = {isa = PBXBuildFile; fileRef = CC97F5ED2330F125003EB292 /* CategoryViewController.swift */; };
/* End PBXBuildFile section */

/* Begin PBXFileReference section */
		79F726629ABA7A87F33C2795 /* Pods-Todoey.debug.xcconfig */ = {isa = PBXFileReference; includeInIndex = 1; lastKnownFileType = text.xcconfig; name = "Pods-Todoey.debug.xcconfig"; path = "Target Support Files/Pods-Todoey/Pods-Todoey.debug.xcconfig"; sourceTree = "<group>"; };
		CC46DC97232BB9E900314DAB /* Todoey.app */ = {isa = PBXFileReference; explicitFileType = wrapper.application; includeInIndex = 0; path = Todoey.app; sourceTree = BUILT_PRODUCTS_DIR; };
		CC46DC9A232BB9E900314DAB /* AppDelegate.swift */ = {isa = PBXFileReference; lastKnownFileType = sourcecode.swift; path = AppDelegate.swift; sourceTree = "<group>"; };
		CC46DC9C232BB9E900314DAB /* TodoListViewController.swift */ = {isa = PBXFileReference; lastKnownFileType = sourcecode.swift; path = TodoListViewController.swift; sourceTree = "<group>"; };
		CC46DC9F232BB9E900314DAB /* Base */ = {isa = PBXFileReference; lastKnownFileType = file.storyboard; name = Base; path = Base.lproj/Main.storyboard; sourceTree = "<group>"; };
		CC46DCA1232BB9F800314DAB /* Assets.xcassets */ = {isa = PBXFileReference; lastKnownFileType = folder.assetcatalog; path = Assets.xcassets; sourceTree = "<group>"; };
		CC46DCA4232BB9F800314DAB /* Base */ = {isa = PBXFileReference; lastKnownFileType = file.storyboard; name = Base; path = Base.lproj/LaunchScreen.storyboard; sourceTree = "<group>"; };
		CC46DCA6232BB9F800314DAB /* Info.plist */ = {isa = PBXFileReference; lastKnownFileType = text.plist.xml; path = Info.plist; sourceTree = "<group>"; };
		CC46DCB3232FA32500314DAB /* DataModel.xcdatamodel */ = {isa = PBXFileReference; lastKnownFileType = wrapper.xcdatamodel; path = DataModel.xcdatamodel; sourceTree = "<group>"; };
		CC97F5ED2330F125003EB292 /* CategoryViewController.swift */ = {isa = PBXFileReference; lastKnownFileType = sourcecode.swift; path = CategoryViewController.swift; sourceTree = "<group>"; };
		F62C9F60536B12015A6CF418 /* Pods_Todoey.framework */ = {isa = PBXFileReference; explicitFileType = wrapper.framework; includeInIndex = 0; path = Pods_Todoey.framework; sourceTree = BUILT_PRODUCTS_DIR; };
		FF6865643F90A69DEECE228F /* Pods-Todoey.release.xcconfig */ = {isa = PBXFileReference; includeInIndex = 1; lastKnownFileType = text.xcconfig; name = "Pods-Todoey.release.xcconfig"; path = "Target Support Files/Pods-Todoey/Pods-Todoey.release.xcconfig"; sourceTree = "<group>"; };
/* End PBXFileReference section */

/* Begin PBXFrameworksBuildPhase section */
		CC46DC94232BB9E900314DAB /* Frameworks */ = {
			isa = PBXFrameworksBuildPhase;
			buildActionMask = 2147483647;
			files = (
				6FBA8E35857239994C7866CF /* Pods_Todoey.framework in Frameworks */,
			);
			runOnlyForDeploymentPostprocessing = 0;
		};
/* End PBXFrameworksBuildPhase section */

/* Begin PBXGroup section */
		CC46DC8E232BB9E800314DAB = {
			isa = PBXGroup;
			children = (
				CC46DC99232BB9E900314DAB /* Todoey */,
				CC46DC98232BB9E900314DAB /* Products */,
				DB012569EBAE3C4390B78CC3 /* Pods */,
				FCA132763EE310C28A5AAE01 /* Frameworks */,
			);
			sourceTree = "<group>";
		};
		CC46DC98232BB9E900314DAB /* Products */ = {
			isa = PBXGroup;
			children = (
				CC46DC97232BB9E900314DAB /* Todoey.app */,
			);
			name = Products;
			sourceTree = "<group>";
		};
		CC46DC99232BB9E900314DAB /* Todoey */ = {
			isa = PBXGroup;
			children = (
				CC46DC9A232BB9E900314DAB /* AppDelegate.swift */,
				CC46DCAF232E8B7400314DAB /* Controllers */,
				CC46DCAE232E8B3600314DAB /* Data Model */,
				CC46DCB0232E8B9800314DAB /* Views */,
				CC46DCB1232E8BB200314DAB /* Supporting Files */,
				CC46DCA6232BB9F800314DAB /* Info.plist */,
			);
			path = Todoey;
			sourceTree = "<group>";
		};
		CC46DCAE232E8B3600314DAB /* Data Model */ = {
			isa = PBXGroup;
			children = (
				CC46DCB2232FA32400314DAB /* DataModel.xcdatamodeld */,
			);
			path = "Data Model";
			sourceTree = "<group>";
		};
		CC46DCAF232E8B7400314DAB /* Controllers */ = {
			isa = PBXGroup;
			children = (
				CC97F5ED2330F125003EB292 /* CategoryViewController.swift */,
				CC46DC9C232BB9E900314DAB /* TodoListViewController.swift */,
			);
			path = Controllers;
			sourceTree = "<group>";
		};
		CC46DCB0232E8B9800314DAB /* Views */ = {
			isa = PBXGroup;
			children = (
				CC46DC9E232BB9E900314DAB /* Main.storyboard */,
			);
			path = Views;
			sourceTree = "<group>";
		};
		CC46DCB1232E8BB200314DAB /* Supporting Files */ = {
			isa = PBXGroup;
			children = (
				CC46DCA1232BB9F800314DAB /* Assets.xcassets */,
				CC46DCA3232BB9F800314DAB /* LaunchScreen.storyboard */,
			);
			path = "Supporting Files";
			sourceTree = "<group>";
		};
		DB012569EBAE3C4390B78CC3 /* Pods */ = {
			isa = PBXGroup;
			children = (
				79F726629ABA7A87F33C2795 /* Pods-Todoey.debug.xcconfig */,
				FF6865643F90A69DEECE228F /* Pods-Todoey.release.xcconfig */,
			);
			name = Pods;
			path = Pods;
			sourceTree = "<group>";
		};
		FCA132763EE310C28A5AAE01 /* Frameworks */ = {
			isa = PBXGroup;
			children = (
				F62C9F60536B12015A6CF418 /* Pods_Todoey.framework */,
			);
			name = Frameworks;
			sourceTree = "<group>";
		};
/* End PBXGroup section */

/* Begin PBXNativeTarget section */
		CC46DC96232BB9E900314DAB /* Todoey */ = {
			isa = PBXNativeTarget;
			buildConfigurationList = CC46DCA9232BB9F800314DAB /* Build configuration list for PBXNativeTarget "Todoey" */;
			buildPhases = (
				FF574EBEE357BD1099C0F818 /* [CP] Check Pods Manifest.lock */,
				CC46DC93232BB9E900314DAB /* Sources */,
				CC46DC94232BB9E900314DAB /* Frameworks */,
				CC46DC95232BB9E900314DAB /* Resources */,
				69688C136483A08774ED596C /* [CP] Embed Pods Frameworks */,
			);
			buildRules = (
			);
			dependencies = (
			);
			name = Todoey;
			productName = Todoey;
			productReference = CC46DC97232BB9E900314DAB /* Todoey.app */;
			productType = "com.apple.product-type.application";
		};
/* End PBXNativeTarget section */

/* Begin PBXProject section */
		CC46DC8F232BB9E800314DAB /* Project object */ = {
			isa = PBXProject;
			attributes = {
				LastSwiftUpdateCheck = 1030;
				LastUpgradeCheck = 1030;
				ORGANIZATIONNAME = "Ben Barclay";
				TargetAttributes = {
					CC46DC96232BB9E900314DAB = {
						CreatedOnToolsVersion = 10.3;
					};
				};
			};
			buildConfigurationList = CC46DC92232BB9E800314DAB /* Build configuration list for PBXProject "Todoey" */;
			compatibilityVersion = "Xcode 9.3";
			developmentRegion = en;
			hasScannedForEncodings = 0;
			knownRegions = (
				en,
				Base,
			);
			mainGroup = CC46DC8E232BB9E800314DAB;
			productRefGroup = CC46DC98232BB9E900314DAB /* Products */;
			projectDirPath = "";
			projectRoot = "";
			targets = (
				CC46DC96232BB9E900314DAB /* Todoey */,
			);
		};
/* End PBXProject section */

/* Begin PBXResourcesBuildPhase section */
		CC46DC95232BB9E900314DAB /* Resources */ = {
			isa = PBXResourcesBuildPhase;
			buildActionMask = 2147483647;
			files = (
				CC46DCA5232BB9F800314DAB /* LaunchScreen.storyboard in Resources */,
				CC46DCA2232BB9F800314DAB /* Assets.xcassets in Resources */,
				CC46DCA0232BB9E900314DAB /* Main.storyboard in Resources */,
			);
			runOnlyForDeploymentPostprocessing = 0;
		};
/* End PBXResourcesBuildPhase section */

/* Begin PBXShellScriptBuildPhase section */
		69688C136483A08774ED596C /* [CP] Embed Pods Frameworks */ = {
			isa = PBXShellScriptBuildPhase;
			buildActionMask = 2147483647;
			files = (
			);
			inputFileListPaths = (
				"${PODS_ROOT}/Target Support Files/Pods-Todoey/Pods-Todoey-frameworks-${CONFIGURATION}-input-files.xcfilelist",
			);
			name = "[CP] Embed Pods Frameworks";
			outputFileListPaths = (
				"${PODS_ROOT}/Target Support Files/Pods-Todoey/Pods-Todoey-frameworks-${CONFIGURATION}-output-files.xcfilelist",
			);
			runOnlyForDeploymentPostprocessing = 0;
			shellPath = /bin/sh;
			shellScript = "\"${PODS_ROOT}/Target Support Files/Pods-Todoey/Pods-Todoey-frameworks.sh\"\n";
			showEnvVarsInLog = 0;
		};
		FF574EBEE357BD1099C0F818 /* [CP] Check Pods Manifest.lock */ = {
			isa = PBXShellScriptBuildPhase;
			buildActionMask = 2147483647;
			files = (
			);
			inputFileListPaths = (
			);
			inputPaths = (
				"${PODS_PODFILE_DIR_PATH}/Podfile.lock",
				"${PODS_ROOT}/Manifest.lock",
			);
			name = "[CP] Check Pods Manifest.lock";
			outputFileListPaths = (
			);
			outputPaths = (
				"$(DERIVED_FILE_DIR)/Pods-Todoey-checkManifestLockResult.txt",
			);
			runOnlyForDeploymentPostprocessing = 0;
			shellPath = /bin/sh;
			shellScript = "diff \"${PODS_PODFILE_DIR_PATH}/Podfile.lock\" \"${PODS_ROOT}/Manifest.lock\" > /dev/null\nif [ $? != 0 ] ; then\n    # print error to STDERR\n    echo \"error: The sandbox is not in sync with the Podfile.lock. Run 'pod install' or update your CocoaPods installation.\" >&2\n    exit 1\nfi\n# This output is used by Xcode 'outputs' to avoid re-running this script phase.\necho \"SUCCESS\" > \"${SCRIPT_OUTPUT_FILE_0}\"\n";
			showEnvVarsInLog = 0;
		};
/* End PBXShellScriptBuildPhase section */

/* Begin PBXSourcesBuildPhase section */
		CC46DC93232BB9E900314DAB /* Sources */ = {
			isa = PBXSourcesBuildPhase;
			buildActionMask = 2147483647;
			files = (
				CC97F5EE2330F125003EB292 /* CategoryViewController.swift in Sources */,
				CC46DC9D232BB9E900314DAB /* TodoListViewController.swift in Sources */,
				CC46DCB4232FA32500314DAB /* DataModel.xcdatamodeld in Sources */,
				CC46DC9B232BB9E900314DAB /* AppDelegate.swift in Sources */,
			);
			runOnlyForDeploymentPostprocessing = 0;
		};
/* End PBXSourcesBuildPhase section */

/* Begin PBXVariantGroup section */
		CC46DC9E232BB9E900314DAB /* Main.storyboard */ = {
			isa = PBXVariantGroup;
			children = (
				CC46DC9F232BB9E900314DAB /* Base */,
			);
			name = Main.storyboard;
			sourceTree = "<group>";
		};
		CC46DCA3232BB9F800314DAB /* LaunchScreen.storyboard */ = {
			isa = PBXVariantGroup;
			children = (
				CC46DCA4232BB9F800314DAB /* Base */,
			);
			name = LaunchScreen.storyboard;
			sourceTree = "<group>";
		};
/* End PBXVariantGroup section */

/* Begin XCBuildConfiguration section */
		CC46DCA7232BB9F800314DAB /* Debug */ = {
			isa = XCBuildConfiguration;
			buildSettings = {
				ALWAYS_SEARCH_USER_PATHS = NO;
				CLANG_ANALYZER_NONNULL = YES;
				CLANG_ANALYZER_NUMBER_OBJECT_CONVERSION = YES_AGGRESSIVE;
				CLANG_CXX_LANGUAGE_STANDARD = "gnu++14";
				CLANG_CXX_LIBRARY = "libc++";
				CLANG_ENABLE_MODULES = YES;
				CLANG_ENABLE_OBJC_ARC = YES;
				CLANG_ENABLE_OBJC_WEAK = YES;
				CLANG_WARN_BLOCK_CAPTURE_AUTORELEASING = YES;
				CLANG_WARN_BOOL_CONVERSION = YES;
				CLANG_WARN_COMMA = YES;
				CLANG_WARN_CONSTANT_CONVERSION = YES;
				CLANG_WARN_DEPRECATED_OBJC_IMPLEMENTATIONS = YES;
				CLANG_WARN_DIRECT_OBJC_ISA_USAGE = YES_ERROR;
				CLANG_WARN_DOCUMENTATION_COMMENTS = YES;
				CLANG_WARN_EMPTY_BODY = YES;
				CLANG_WARN_ENUM_CONVERSION = YES;
				CLANG_WARN_INFINITE_RECURSION = YES;
				CLANG_WARN_INT_CONVERSION = YES;
				CLANG_WARN_NON_LITERAL_NULL_CONVERSION = YES;
				CLANG_WARN_OBJC_IMPLICIT_RETAIN_SELF = YES;
				CLANG_WARN_OBJC_LITERAL_CONVERSION = YES;
				CLANG_WARN_OBJC_ROOT_CLASS = YES_ERROR;
				CLANG_WARN_RANGE_LOOP_ANALYSIS = YES;
				CLANG_WARN_STRICT_PROTOTYPES = YES;
				CLANG_WARN_SUSPICIOUS_MOVE = YES;
				CLANG_WARN_UNGUARDED_AVAILABILITY = YES_AGGRESSIVE;
				CLANG_WARN_UNREACHABLE_CODE = YES;
				CLANG_WARN__DUPLICATE_METHOD_MATCH = YES;
				CODE_SIGN_IDENTITY = "iPhone Developer";
				COPY_PHASE_STRIP = NO;
				DEBUG_INFORMATION_FORMAT = dwarf;
				ENABLE_STRICT_OBJC_MSGSEND = YES;
				ENABLE_TESTABILITY = YES;
				GCC_C_LANGUAGE_STANDARD = gnu11;
				GCC_DYNAMIC_NO_PIC = NO;
				GCC_NO_COMMON_BLOCKS = YES;
				GCC_OPTIMIZATION_LEVEL = 0;
				GCC_PREPROCESSOR_DEFINITIONS = (
					"DEBUG=1",
					"$(inherited)",
				);
				GCC_WARN_64_TO_32_BIT_CONVERSION = YES;
				GCC_WARN_ABOUT_RETURN_TYPE = YES_ERROR;
				GCC_WARN_UNDECLARED_SELECTOR = YES;
				GCC_WARN_UNINITIALIZED_AUTOS = YES_AGGRESSIVE;
				GCC_WARN_UNUSED_FUNCTION = YES;
				GCC_WARN_UNUSED_VARIABLE = YES;
				IPHONEOS_DEPLOYMENT_TARGET = 12.4;
				MTL_ENABLE_DEBUG_INFO = INCLUDE_SOURCE;
				MTL_FAST_MATH = YES;
				ONLY_ACTIVE_ARCH = YES;
				SDKROOT = iphoneos;
				SWIFT_ACTIVE_COMPILATION_CONDITIONS = DEBUG;
				SWIFT_OPTIMIZATION_LEVEL = "-Onone";
			};
			name = Debug;
		};
		CC46DCA8232BB9F800314DAB /* Release */ = {
			isa = XCBuildConfiguration;
			buildSettings = {
				ALWAYS_SEARCH_USER_PATHS = NO;
				CLANG_ANALYZER_NONNULL = YES;
				CLANG_ANALYZER_NUMBER_OBJECT_CONVERSION = YES_AGGRESSIVE;
				CLANG_CXX_LANGUAGE_STANDARD = "gnu++14";
				CLANG_CXX_LIBRARY = "libc++";
				CLANG_ENABLE_MODULES = YES;
				CLANG_ENABLE_OBJC_ARC = YES;
				CLANG_ENABLE_OBJC_WEAK = YES;
				CLANG_WARN_BLOCK_CAPTURE_AUTORELEASING = YES;
				CLANG_WARN_BOOL_CONVERSION = YES;
				CLANG_WARN_COMMA = YES;
				CLANG_WARN_CONSTANT_CONVERSION = YES;
				CLANG_WARN_DEPRECATED_OBJC_IMPLEMENTATIONS = YES;
				CLANG_WARN_DIRECT_OBJC_ISA_USAGE = YES_ERROR;
				CLANG_WARN_DOCUMENTATION_COMMENTS = YES;
				CLANG_WARN_EMPTY_BODY = YES;
				CLANG_WARN_ENUM_CONVERSION = YES;
				CLANG_WARN_INFINITE_RECURSION = YES;
				CLANG_WARN_INT_CONVERSION = YES;
				CLANG_WARN_NON_LITERAL_NULL_CONVERSION = YES;
				CLANG_WARN_OBJC_IMPLICIT_RETAIN_SELF = YES;
				CLANG_WARN_OBJC_LITERAL_CONVERSION = YES;
				CLANG_WARN_OBJC_ROOT_CLASS = YES_ERROR;
				CLANG_WARN_RANGE_LOOP_ANALYSIS = YES;
				CLANG_WARN_STRICT_PROTOTYPES = YES;
				CLANG_WARN_SUSPICIOUS_MOVE = YES;
				CLANG_WARN_UNGUARDED_AVAILABILITY = YES_AGGRESSIVE;
				CLANG_WARN_UNREACHABLE_CODE = YES;
				CLANG_WARN__DUPLICATE_METHOD_MATCH = YES;
				CODE_SIGN_IDENTITY = "iPhone Developer";
				COPY_PHASE_STRIP = NO;
				DEBUG_INFORMATION_FORMAT = "dwarf-with-dsym";
				ENABLE_NS_ASSERTIONS = NO;
				ENABLE_STRICT_OBJC_MSGSEND = YES;
				GCC_C_LANGUAGE_STANDARD = gnu11;
				GCC_NO_COMMON_BLOCKS = YES;
				GCC_WARN_64_TO_32_BIT_CONVERSION = YES;
				GCC_WARN_ABOUT_RETURN_TYPE = YES_ERROR;
				GCC_WARN_UNDECLARED_SELECTOR = YES;
				GCC_WARN_UNINITIALIZED_AUTOS = YES_AGGRESSIVE;
				GCC_WARN_UNUSED_FUNCTION = YES;
				GCC_WARN_UNUSED_VARIABLE = YES;
				IPHONEOS_DEPLOYMENT_TARGET = 12.4;
				MTL_ENABLE_DEBUG_INFO = NO;
				MTL_FAST_MATH = YES;
				SDKROOT = iphoneos;
				SWIFT_COMPILATION_MODE = wholemodule;
				SWIFT_OPTIMIZATION_LEVEL = "-O";
				VALIDATE_PRODUCT = YES;
			};
			name = Release;
		};
		CC46DCAA232BB9F800314DAB /* Debug */ = {
			isa = XCBuildConfiguration;
			baseConfigurationReference = 79F726629ABA7A87F33C2795 /* Pods-Todoey.debug.xcconfig */;
			buildSettings = {
				ASSETCATALOG_COMPILER_APPICON_NAME = AppIcon;
				CODE_SIGN_STYLE = Automatic;
				DEVELOPMENT_TEAM = X52XT8292R;
				INFOPLIST_FILE = Todoey/Info.plist;
				LD_RUNPATH_SEARCH_PATHS = (
					"$(inherited)",
					"@executable_path/Frameworks",
				);
				PRODUCT_BUNDLE_IDENTIFIER = com.BenBarclay.Todoey;
				PRODUCT_NAME = "$(TARGET_NAME)";
				SWIFT_VERSION = 5.0;
				TARGETED_DEVICE_FAMILY = "1,2";
			};
			name = Debug;
		};
		CC46DCAB232BB9F800314DAB /* Release */ = {
			isa = XCBuildConfiguration;
			baseConfigurationReference = FF6865643F90A69DEECE228F /* Pods-Todoey.release.xcconfig */;
			buildSettings = {
				ASSETCATALOG_COMPILER_APPICON_NAME = AppIcon;
				CODE_SIGN_STYLE = Automatic;
				DEVELOPMENT_TEAM = X52XT8292R;
				INFOPLIST_FILE = Todoey/Info.plist;
				LD_RUNPATH_SEARCH_PATHS = (
					"$(inherited)",
					"@executable_path/Frameworks",
				);
				PRODUCT_BUNDLE_IDENTIFIER = com.BenBarclay.Todoey;
				PRODUCT_NAME = "$(TARGET_NAME)";
				SWIFT_VERSION = 5.0;
				TARGETED_DEVICE_FAMILY = "1,2";
			};
			name = Release;
		};
/* End XCBuildConfiguration section */

/* Begin XCConfigurationList section */
		CC46DC92232BB9E800314DAB /* Build configuration list for PBXProject "Todoey" */ = {
			isa = XCConfigurationList;
			buildConfigurations = (
				CC46DCA7232BB9F800314DAB /* Debug */,
				CC46DCA8232BB9F800314DAB /* Release */,
			);
			defaultConfigurationIsVisible = 0;
			defaultConfigurationName = Release;
		};
		CC46DCA9232BB9F800314DAB /* Build configuration list for PBXNativeTarget "Todoey" */ = {
			isa = XCConfigurationList;
			buildConfigurations = (
				CC46DCAA232BB9F800314DAB /* Debug */,
				CC46DCAB232BB9F800314DAB /* Release */,
			);
			defaultConfigurationIsVisible = 0;
			defaultConfigurationName = Release;
		};
/* End XCConfigurationList section */

/* Begin XCVersionGroup section */
		CC46DCB2232FA32400314DAB /* DataModel.xcdatamodeld */ = {
			isa = XCVersionGroup;
			children = (
				CC46DCB3232FA32500314DAB /* DataModel.xcdatamodel */,
			);
			currentVersion = CC46DCB3232FA32500314DAB /* DataModel.xcdatamodel */;
			path = DataModel.xcdatamodeld;
			sourceTree = "<group>";
			versionGroupType = wrapper.xcdatamodel;
		};
/* End XCVersionGroup section */
	};
	rootObject = CC46DC8F232BB9E800314DAB /* Project object */;
}
